
Microsoft Visual Studio Solution File, Format Version 12.00
# Visual Studio Version 17
VisualStudioVersion = 17.7.34031.279
MinimumVisualStudioVersion = 10.0.40219.1
Project("{FAE04EC0-301F-11D3-BF4B-00C04F79EFBC}") = "BankAccount", "BankAccount\BankAccount.csproj", "{89875E66-C915-4752-977C-2C75F2CB7F26}"
EndProject
Global
	GlobalSection(SolutionConfigurationPlatforms) = preSolution
		Debug|Any CPU = Debug|Any CPU
		Release|Any CPU = Release|Any CPU
	EndGlobalSection
	GlobalSection(ProjectConfigurationPlatforms) = postSolution
		{89875E66-C915-4752-977C-2C75F2CB7F26}.Debug|Any CPU.ActiveCfg = Debug|Any CPU
		{89875E66-C915-4752-977C-2C75F2CB7F26}.Debug|Any CPU.Build.0 = Debug|Any CPU
		{89875E66-C915-4752-977C-2C75F2CB7F26}.Release|Any CPU.ActiveCfg = Release|Any CPU
		{89875E66-C915-4752-977C-2C75F2CB7F26}.Release|Any CPU.Build.0 = Release|Any CPU
	EndGlobalSection
	GlobalSection(SolutionProperties) = preSolution
		HideSolutionNode = FALSE
	EndGlobalSection
	GlobalSection(ExtensibilityGlobals) = postSolution
		SolutionGuid = {A51E772C-1934-418D-ADED-E528BA80C6A9}
	EndGlobalSection
EndGlobal
