
Microsoft Visual Studio Solution File, Format Version 12.00
# Visual Studio Version 17
VisualStudioVersion = 17.7.34031.279
MinimumVisualStudioVersion = 10.0.40219.1
Project("{FAE04EC0-301F-11D3-BF4B-00C04F79EFBC}") = "Tumakov_Lab11_12", "Tumakov_Lab11-12\Tumakov_Lab11_12.csproj", "{F26D2C98-FB01-4071-9617-7576E18A649E}"
EndProject
Project("{FAE04EC0-301F-11D3-BF4B-00C04F79EFBC}") = "HomeWork", "HomeWork\HomeWork.csproj", "{D71D2028-5AB9-4820-92E0-99209C2B8CB5}"
EndProject
Global
	GlobalSection(SolutionConfigurationPlatforms) = preSolution
		Debug|Any CPU = Debug|Any CPU
		Release|Any CPU = Release|Any CPU
	EndGlobalSection
	GlobalSection(ProjectConfigurationPlatforms) = postSolution
		{F26D2C98-FB01-4071-9617-7576E18A649E}.Debug|Any CPU.ActiveCfg = Debug|Any CPU
		{F26D2C98-FB01-4071-9617-7576E18A649E}.Debug|Any CPU.Build.0 = Debug|Any CPU
		{F26D2C98-FB01-4071-9617-7576E18A649E}.Release|Any CPU.ActiveCfg = Release|Any CPU
		{F26D2C98-FB01-4071-9617-7576E18A649E}.Release|Any CPU.Build.0 = Release|Any CPU
		{D71D2028-5AB9-4820-92E0-99209C2B8CB5}.Debug|Any CPU.ActiveCfg = Debug|Any CPU
		{D71D2028-5AB9-4820-92E0-99209C2B8CB5}.Debug|Any CPU.Build.0 = Debug|Any CPU
		{D71D2028-5AB9-4820-92E0-99209C2B8CB5}.Release|Any CPU.ActiveCfg = Release|Any CPU
		{D71D2028-5AB9-4820-92E0-99209C2B8CB5}.Release|Any CPU.Build.0 = Release|Any CPU
	EndGlobalSection
	GlobalSection(SolutionProperties) = preSolution
		HideSolutionNode = FALSE
	EndGlobalSection
	GlobalSection(ExtensibilityGlobals) = postSolution
		SolutionGuid = {67EC85B0-FDDB-4271-B86D-26B363B3E234}
	EndGlobalSection
EndGlobal
